{
    "version": 3,
    "terraform_version": "0.8.4",
    "serial": 17,
    "lineage": "e596b68f-650c-44b4-b966-1a3ca3fe37eb",
    "modules": [
        {
            "path": [
                "root"
            ],
            "outputs": {},
            "resources": {
                "aws_autoscaling_group.web-asg": {
                    "type": "aws_autoscaling_group",
                    "depends_on": [
                        "aws_elb.web-elb",
                        "aws_launch_configuration.web-lc",
                        "aws_subnet.us-west-2a-public",
                        "aws_subnet.us-west-2b-public"
                    ],
                    "primary": {
                        "id": "simple-web-asg-simple-web-lc-002c0f1e3f8b20da41ecd3ab4b",
                        "attributes": {
                            "availability_zones.#": "0",
                            "desired_capacity": "2",
                            "force_delete": "true",
                            "health_check_grace_period": "300",
                            "id": "simple-web-asg-simple-web-lc-002c0f1e3f8b20da41ecd3ab4b",
                            "launch_configuration": "simple-web-lc-002c0f1e3f8b20da41ecd3ab4b",
                            "load_balancers.#": "1",
                            "load_balancers.3722729982": "simple-web-elb",
                            "max_size": "2",
                            "metrics_granularity": "1Minute",
                            "min_size": "2",
                            "name": "simple-web-asg-simple-web-lc-002c0f1e3f8b20da41ecd3ab4b",
                            "protect_from_scale_in": "false",
                            "tag.#": "1",
                            "tag.2421615522.key": "Name",
                            "tag.2421615522.propagate_at_launch": "true",
                            "tag.2421615522.value": "web-asg",
                            "vpc_zone_identifier.#": "2",
                            "vpc_zone_identifier.1408838707": "subnet-76ec113f",
                            "vpc_zone_identifier.2957637447": "subnet-f219c295",
                            "wait_for_capacity_timeout": "10m",
                            "wait_for_elb_capacity": "2"
                        },
                        "meta": {},
                        "tainted": false
                    },
                    "deposed": [],
                    "provider": ""
                },
                "aws_elb.web-elb": {
                    "type": "aws_elb",
                    "depends_on": [
                        "aws_subnet.us-west-2a-public",
                        "aws_subnet.us-west-2b-public"
                    ],
                    "primary": {
                        "id": "simple-web-elb",
                        "attributes": {
                            "access_logs.#": "0",
                            "availability_zones.#": "2",
                            "availability_zones.221770259": "us-west-2b",
                            "availability_zones.2487133097": "us-west-2a",
                            "connection_draining": "false",
                            "connection_draining_timeout": "300",
                            "cross_zone_load_balancing": "true",
                            "dns_name": "simple-web-elb-1788166548.us-west-2.elb.amazonaws.com",
                            "health_check.#": "1",
                            "health_check.0.healthy_threshold": "2",
                            "health_check.0.interval": "30",
                            "health_check.0.target": "HTTP:80/",
                            "health_check.0.timeout": "3",
                            "health_check.0.unhealthy_threshold": "2",
                            "id": "simple-web-elb",
                            "idle_timeout": "60",
                            "instances.#": "0",
                            "internal": "false",
                            "listener.#": "1",
                            "listener.3057123346.instance_port": "80",
                            "listener.3057123346.instance_protocol": "http",
                            "listener.3057123346.lb_port": "80",
                            "listener.3057123346.lb_protocol": "http",
                            "listener.3057123346.ssl_certificate_id": "",
                            "name": "simple-web-elb",
                            "security_groups.#": "1",
                            "security_groups.2805996616": "sg-b1e255c9",
                            "source_security_group": "767072126027/default",
                            "source_security_group_id": "sg-b1e255c9",
                            "subnets.#": "2",
                            "subnets.1408838707": "subnet-76ec113f",
                            "subnets.2957637447": "subnet-f219c295",
                            "tags.%": "0",
                            "zone_id": "Z1H1FL5HABSF5"
                        },
                        "meta": {},
                        "tainted": false
                    },
                    "deposed": [],
                    "provider": ""
                },
                "aws_internet_gateway.default": {
                    "type": "aws_internet_gateway",
                    "depends_on": [
                        "aws_vpc.default"
                    ],
                    "primary": {
                        "id": "igw-0fdc976b",
                        "attributes": {
                            "id": "igw-0fdc976b",
                            "vpc_id": "vpc-a949cdce"
                        },
                        "meta": {},
                        "tainted": false
                    },
                    "deposed": [],
                    "provider": ""
                },
                "aws_launch_configuration.web-lc": {
                    "type": "aws_launch_configuration",
                    "depends_on": [
                        "aws_security_group.simple"
                    ],
                    "primary": {
                        "id": "simple-web-lc-002c0f1e3f8b20da41ecd3ab4b",
                        "attributes": {
                            "associate_public_ip_address": "false",
                            "ebs_block_device.#": "0",
                            "ebs_optimized": "false",
                            "enable_monitoring": "true",
                            "ephemeral_block_device.#": "0",
                            "iam_instance_profile": "",
                            "id": "simple-web-lc-002c0f1e3f8b20da41ecd3ab4b",
                            "image_id": "ami-2a34e94a",
                            "instance_type": "t2.micro",
                            "key_name": "jesse",
                            "name": "simple-web-lc-002c0f1e3f8b20da41ecd3ab4b",
                            "name_prefix": "simple-web-lc-",
                            "root_block_device.#": "0",
                            "security_groups.#": "1",
                            "security_groups.852905527": "sg-a2e255da",
                            "spot_price": "",
                            "vpc_classic_link_id": "",
                            "vpc_classic_link_security_groups.#": "0"
                        },
                        "meta": {},
                        "tainted": false
                    },
                    "deposed": [],
                    "provider": ""
                },
                "aws_route53_record.www": {
                    "type": "aws_route53_record",
                    "depends_on": [
                        "aws_elb.web-elb",
                        "aws_elb.web-elb"
                    ],
                    "primary": {
                        "id": "ZBGSCPNBMP09T_stelligent.techno-geeks.org_A",
                        "attributes": {
                            "alias.#": "1",
                            "alias.2335827197.evaluate_target_health": "true",
                            "alias.2335827197.name": "simple-web-elb-1788166548.us-west-2.elb.amazonaws.com",
                            "alias.2335827197.zone_id": "Z1H1FL5HABSF5",
                            "fqdn": "stelligent.techno-geeks.org",
                            "health_check_id": "",
                            "id": "ZBGSCPNBMP09T_stelligent.techno-geeks.org_A",
                            "name": "stelligent.techno-geeks.org",
                            "records.#": "0",
                            "set_identifier": "",
                            "ttl": "0",
                            "type": "A",
                            "zone_id": "ZBGSCPNBMP09T"
                        },
                        "meta": {
                            "schema_version": "2"
                        },
                        "tainted": false
                    },
                    "deposed": [],
                    "provider": ""
                },
                "aws_route_table.us-west-2-public": {
                    "type": "aws_route_table",
                    "depends_on": [
                        "aws_internet_gateway.default",
                        "aws_vpc.default"
                    ],
                    "primary": {
                        "id": "rtb-38db865f",
                        "attributes": {
                            "id": "rtb-38db865f",
                            "propagating_vgws.#": "0",
                            "route.#": "1",
                            "route.2656765739.cidr_block": "0.0.0.0/0",
                            "route.2656765739.gateway_id": "igw-0fdc976b",
                            "route.2656765739.instance_id": "",
                            "route.2656765739.nat_gateway_id": "",
                            "route.2656765739.network_interface_id": "",
                            "route.2656765739.vpc_peering_connection_id": "",
                            "tags.%": "0",
                            "vpc_id": "vpc-a949cdce"
                        },
                        "meta": {},
                        "tainted": false
                    },
                    "deposed": [],
                    "provider": ""
                },
                "aws_route_table_association.us-west-2a-public": {
                    "type": "aws_route_table_association",
                    "depends_on": [
                        "aws_route_table.us-west-2-public",
                        "aws_subnet.us-west-2a-public"
                    ],
                    "primary": {
                        "id": "rtbassoc-282c4a4e",
                        "attributes": {
                            "id": "rtbassoc-282c4a4e",
                            "route_table_id": "rtb-38db865f",
                            "subnet_id": "subnet-76ec113f"
                        },
                        "meta": {},
                        "tainted": false
                    },
                    "deposed": [],
                    "provider": ""
                },
                "aws_route_table_association.us-west-2b-public": {
                    "type": "aws_route_table_association",
                    "depends_on": [
                        "aws_route_table.us-west-2-public",
                        "aws_subnet.us-west-2b-public"
                    ],
                    "primary": {
                        "id": "rtbassoc-292c4a4f",
                        "attributes": {
                            "id": "rtbassoc-292c4a4f",
                            "route_table_id": "rtb-38db865f",
                            "subnet_id": "subnet-f219c295"
                        },
                        "meta": {},
                        "tainted": false
                    },
                    "deposed": [],
                    "provider": ""
                },
                "aws_security_group.simple": {
                    "type": "aws_security_group",
                    "depends_on": [
                        "aws_vpc.default"
                    ],
                    "primary": {
                        "id": "sg-a2e255da",
                        "attributes": {
                            "description": "Allow port 80 inbound",
                            "egress.#": "1",
                            "egress.482069346.cidr_blocks.#": "1",
                            "egress.482069346.cidr_blocks.0": "0.0.0.0/0",
                            "egress.482069346.from_port": "0",
                            "egress.482069346.prefix_list_ids.#": "0",
                            "egress.482069346.protocol": "-1",
                            "egress.482069346.security_groups.#": "0",
                            "egress.482069346.self": "false",
                            "egress.482069346.to_port": "0",
                            "id": "sg-a2e255da",
                            "ingress.#": "1",
                            "ingress.2214680975.cidr_blocks.#": "1",
                            "ingress.2214680975.cidr_blocks.0": "0.0.0.0/0",
                            "ingress.2214680975.from_port": "80",
                            "ingress.2214680975.protocol": "tcp",
                            "ingress.2214680975.security_groups.#": "0",
                            "ingress.2214680975.self": "false",
                            "ingress.2214680975.to_port": "80",
                            "name": "simple_static_webpage",
                            "owner_id": "767072126027",
                            "tags.%": "0",
                            "vpc_id": "vpc-a949cdce"
                        },
                        "meta": {},
                        "tainted": false
                    },
                    "deposed": [],
                    "provider": ""
                },
                "aws_subnet.us-west-2a-public": {
                    "type": "aws_subnet",
                    "depends_on": [
                        "aws_vpc.default"
                    ],
                    "primary": {
                        "id": "subnet-76ec113f",
                        "attributes": {
                            "availability_zone": "us-west-2a",
                            "cidr_block": "10.0.0.0/24",
                            "id": "subnet-76ec113f",
                            "map_public_ip_on_launch": "true",
                            "tags.%": "0",
                            "vpc_id": "vpc-a949cdce"
                        },
                        "meta": {},
                        "tainted": false
                    },
                    "deposed": [],
                    "provider": ""
                },
                "aws_subnet.us-west-2b-public": {
                    "type": "aws_subnet",
                    "depends_on": [
                        "aws_vpc.default"
                    ],
                    "primary": {
                        "id": "subnet-f219c295",
                        "attributes": {
                            "availability_zone": "us-west-2b",
                            "cidr_block": "10.0.2.0/24",
                            "id": "subnet-f219c295",
                            "map_public_ip_on_launch": "true",
                            "tags.%": "0",
                            "vpc_id": "vpc-a949cdce"
                        },
                        "meta": {},
                        "tainted": false
                    },
                    "deposed": [],
                    "provider": ""
                },
                "aws_vpc.default": {
                    "type": "aws_vpc",
                    "depends_on": [],
                    "primary": {
                        "id": "vpc-a949cdce",
                        "attributes": {
                            "cidr_block": "10.0.0.0/16",
                            "default_network_acl_id": "acl-fc751f9b",
                            "default_route_table_id": "rtb-30db8657",
                            "default_security_group_id": "sg-b1e255c9",
                            "dhcp_options_id": "dopt-ac2a4fc8",
                            "enable_classiclink": "false",
                            "enable_dns_hostnames": "false",
                            "enable_dns_support": "true",
                            "id": "vpc-a949cdce",
                            "instance_tenancy": "default",
                            "main_route_table_id": "rtb-30db8657",
                            "tags.%": "0"
                        },
                        "meta": {},
                        "tainted": false
                    },
                    "deposed": [],
                    "provider": ""
                }
            },
            "depends_on": []
        }
    ]
}
