{
    "version": 3,
    "terraform_version": "0.8.4",
    "serial": 10,
    "lineage": "e596b68f-650c-44b4-b966-1a3ca3fe37eb",
    "modules": [
        {
            "path": [
                "root"
            ],
            "outputs": {},
            "resources": {
                "aws_autoscaling_group.web-asg": {
                    "type": "aws_autoscaling_group",
                    "depends_on": [
                        "aws_elb.web-elb",
                        "aws_launch_configuration.web-lc"
                    ],
                    "primary": {
                        "id": "simple-web-asg-simple-web-lc-00704aa8e7bc4774d6a0d651ba",
                        "attributes": {
                            "arn": "arn:aws:autoscaling:us-west-2:767072126027:autoScalingGroup:b611da58-245a-4023-9006-d162a6ac6080:autoScalingGroupName/simple-web-asg-simple-web-lc-00704aa8e7bc4774d6a0d651ba",
                            "availability_zones.#": "3",
                            "availability_zones.2050015877": "us-west-2c",
                            "availability_zones.221770259": "us-west-2b",
                            "availability_zones.2487133097": "us-west-2a",
                            "default_cooldown": "300",
                            "desired_capacity": "2",
                            "force_delete": "true",
                            "health_check_grace_period": "300",
                            "health_check_type": "EC2",
                            "id": "simple-web-asg-simple-web-lc-00704aa8e7bc4774d6a0d651ba",
                            "launch_configuration": "simple-web-lc-00704aa8e7bc4774d6a0d651ba",
                            "load_balancers.#": "1",
                            "load_balancers.3722729982": "simple-web-elb",
                            "max_size": "2",
                            "metrics_granularity": "1Minute",
                            "min_size": "2",
                            "name": "simple-web-asg-simple-web-lc-00704aa8e7bc4774d6a0d651ba",
                            "placement_group": "",
                            "protect_from_scale_in": "false",
                            "suspended_processes.#": "0",
                            "tag.#": "1",
                            "tag.2421615522.key": "Name",
                            "tag.2421615522.propagate_at_launch": "true",
                            "tag.2421615522.value": "web-asg",
                            "target_group_arns.#": "0",
                            "termination_policies.#": "0",
                            "vpc_zone_identifier.#": "1",
                            "vpc_zone_identifier.0": "",
                            "wait_for_capacity_timeout": "10m",
                            "wait_for_elb_capacity": "2"
                        },
                        "meta": {},
                        "tainted": false
                    },
                    "deposed": [],
                    "provider": ""
                },
                "aws_elb.web-elb": {
                    "type": "aws_elb",
                    "depends_on": [],
                    "primary": {
                        "id": "simple-web-elb",
                        "attributes": {
                            "access_logs.#": "0",
                            "availability_zones.#": "3",
                            "availability_zones.2050015877": "us-west-2c",
                            "availability_zones.221770259": "us-west-2b",
                            "availability_zones.2487133097": "us-west-2a",
                            "connection_draining": "false",
                            "connection_draining_timeout": "300",
                            "cross_zone_load_balancing": "true",
                            "dns_name": "simple-web-elb-1688866715.us-west-2.elb.amazonaws.com",
                            "health_check.#": "1",
                            "health_check.0.healthy_threshold": "2",
                            "health_check.0.interval": "30",
                            "health_check.0.target": "HTTP:80/",
                            "health_check.0.timeout": "3",
                            "health_check.0.unhealthy_threshold": "2",
                            "id": "simple-web-elb",
                            "idle_timeout": "60",
                            "instances.#": "2",
                            "instances.2748468423": "i-087cdd861d0300e9a",
                            "instances.3876200481": "i-0b123c1a604ca92ac",
                            "internal": "false",
                            "listener.#": "1",
                            "listener.3057123346.instance_port": "80",
                            "listener.3057123346.instance_protocol": "http",
                            "listener.3057123346.lb_port": "80",
                            "listener.3057123346.lb_protocol": "http",
                            "listener.3057123346.ssl_certificate_id": "",
                            "name": "simple-web-elb",
                            "security_groups.#": "1",
                            "security_groups.2713844390": "sg-053be17d",
                            "source_security_group": "767072126027/default_elb_1635ca6f-2747-37b0-935e-22ace793aa7e",
                            "source_security_group_id": "sg-053be17d",
                            "subnets.#": "3",
                            "subnets.1911458600": "subnet-59797b3d",
                            "subnets.2541919490": "subnet-e149d5b9",
                            "subnets.2604128468": "subnet-a7b89dd1",
                            "tags.%": "0",
                            "zone_id": "Z1H1FL5HABSF5"
                        },
                        "meta": {},
                        "tainted": false
                    },
                    "deposed": [],
                    "provider": ""
                },
                "aws_launch_configuration.web-lc": {
                    "type": "aws_launch_configuration",
                    "depends_on": [
                        "aws_security_group.simple"
                    ],
                    "primary": {
                        "id": "simple-web-lc-00840aaea5f5b95985ecac770c",
                        "attributes": {
                            "associate_public_ip_address": "false",
                            "ebs_block_device.#": "0",
                            "ebs_optimized": "false",
                            "enable_monitoring": "true",
                            "ephemeral_block_device.#": "0",
                            "iam_instance_profile": "",
                            "id": "simple-web-lc-00840aaea5f5b95985ecac770c",
                            "image_id": "ami-ec9f228c",
                            "instance_type": "t2.micro",
                            "key_name": "jesse",
                            "name": "simple-web-lc-00840aaea5f5b95985ecac770c",
                            "name_prefix": "simple-web-lc-",
                            "root_block_device.#": "0",
                            "security_groups.#": "1",
                            "security_groups.1805777116": "sg-7225ff0a",
                            "spot_price": "",
                            "vpc_classic_link_id": "",
                            "vpc_classic_link_security_groups.#": "0"
                        },
                        "meta": {},
                        "tainted": false
                    },
                    "deposed": [
                        {
                            "id": "simple-web-lc-00704aa8e7bc4774d6a0d651ba",
                            "attributes": {
                                "associate_public_ip_address": "false",
                                "ebs_block_device.#": "0",
                                "ebs_optimized": "false",
                                "enable_monitoring": "true",
                                "ephemeral_block_device.#": "0",
                                "iam_instance_profile": "",
                                "id": "simple-web-lc-00704aa8e7bc4774d6a0d651ba",
                                "image_id": "ami-509c2130",
                                "instance_type": "t2.micro",
                                "key_name": "jesse",
                                "name": "simple-web-lc-00704aa8e7bc4774d6a0d651ba",
                                "name_prefix": "simple-web-lc-",
                                "root_block_device.#": "0",
                                "security_groups.#": "1",
                                "security_groups.1805777116": "sg-7225ff0a",
                                "spot_price": "",
                                "vpc_classic_link_id": "",
                                "vpc_classic_link_security_groups.#": "0"
                            },
                            "meta": null,
                            "tainted": false
                        }
                    ],
                    "provider": ""
                },
                "aws_route53_record.www": {
                    "type": "aws_route53_record",
                    "depends_on": [
                        "aws_elb.web-elb",
                        "aws_elb.web-elb"
                    ],
                    "primary": {
                        "id": "ZBGSCPNBMP09T_stelligent.techno-geeks.org_A",
                        "attributes": {
                            "alias.#": "1",
                            "alias.1463661452.evaluate_target_health": "true",
                            "alias.1463661452.name": "simple-web-elb-1688866715.us-west-2.elb.amazonaws.com",
                            "alias.1463661452.zone_id": "Z1H1FL5HABSF5",
                            "fqdn": "stelligent.techno-geeks.org",
                            "health_check_id": "",
                            "id": "ZBGSCPNBMP09T_stelligent.techno-geeks.org_A",
                            "name": "stelligent.techno-geeks.org",
                            "records.#": "0",
                            "set_identifier": "",
                            "ttl": "0",
                            "type": "A",
                            "zone_id": "ZBGSCPNBMP09T"
                        },
                        "meta": {
                            "schema_version": "2"
                        },
                        "tainted": false
                    },
                    "deposed": [],
                    "provider": ""
                },
                "aws_security_group.simple": {
                    "type": "aws_security_group",
                    "depends_on": [],
                    "primary": {
                        "id": "sg-7225ff0a",
                        "attributes": {
                            "description": "Allow port 80 inbound",
                            "egress.#": "1",
                            "egress.482069346.cidr_blocks.#": "1",
                            "egress.482069346.cidr_blocks.0": "0.0.0.0/0",
                            "egress.482069346.from_port": "0",
                            "egress.482069346.prefix_list_ids.#": "0",
                            "egress.482069346.protocol": "-1",
                            "egress.482069346.security_groups.#": "0",
                            "egress.482069346.self": "false",
                            "egress.482069346.to_port": "0",
                            "id": "sg-7225ff0a",
                            "ingress.#": "1",
                            "ingress.2214680975.cidr_blocks.#": "1",
                            "ingress.2214680975.cidr_blocks.0": "0.0.0.0/0",
                            "ingress.2214680975.from_port": "80",
                            "ingress.2214680975.protocol": "tcp",
                            "ingress.2214680975.security_groups.#": "0",
                            "ingress.2214680975.self": "false",
                            "ingress.2214680975.to_port": "80",
                            "name": "simple_static_webpage",
                            "owner_id": "767072126027",
                            "tags.%": "0",
                            "vpc_id": "vpc-4b15f02c"
                        },
                        "meta": {},
                        "tainted": false
                    },
                    "deposed": [],
                    "provider": ""
                }
            },
            "depends_on": []
        }
    ]
}
